
Microsoft Visual Studio Solution File, Format Version 12.00
# Visual Studio 15
VisualStudioVersion = 15.0.28307.705
MinimumVisualStudioVersion = 10.0.40219.1
Project("{FAE04EC0-301F-11D3-BF4B-00C04F79EFBC}") = "Fixacao", "Fixacao\Fixacao.csproj", "{3B2F6E68-101A-46C0-9D07-474682D46B82}"
EndProject
Global
	GlobalSection(SolutionConfigurationPlatforms) = preSolution
		Debug|Any CPU = Debug|Any CPU
		Release|Any CPU = Release|Any CPU
	EndGlobalSection
	GlobalSection(ProjectConfigurationPlatforms) = postSolution
		{3B2F6E68-101A-46C0-9D07-474682D46B82}.Debug|Any CPU.ActiveCfg = Debug|Any CPU
		{3B2F6E68-101A-46C0-9D07-474682D46B82}.Debug|Any CPU.Build.0 = Debug|Any CPU
		{3B2F6E68-101A-46C0-9D07-474682D46B82}.Release|Any CPU.ActiveCfg = Release|Any CPU
		{3B2F6E68-101A-46C0-9D07-474682D46B82}.Release|Any CPU.Build.0 = Release|Any CPU
	EndGlobalSection
	GlobalSection(SolutionProperties) = preSolution
		HideSolutionNode = FALSE
	EndGlobalSection
	GlobalSection(ExtensibilityGlobals) = postSolution
		SolutionGuid = {E63736D2-5371-42FD-BB65-C6FCF6EF63B2}
	EndGlobalSection
EndGlobal
